name: update-flake-lock
on:
  workflow_dispatch: # allows manual triggering
  schedule:
    - cron: "0 3 * * *" # At 3am every day

permissions:
  contents: write
jobs:
  update_inputs:
    runs-on: ubuntu-latest
    steps:
      - name: Checkout repository
        uses: actions/checkout@v4
      - name: Install Nix
        uses: DeterminateSystems/nix-installer-action@main
      - name: Update flake inputs
        run: |
          git config user.email lennarteichhorn+nixos-config-updater@gmail.com  
          git config user.name Zebreus

          echo "🔍 Checking for flake input updates"
          PREVIOUS_HEAD="$(git rev-parse HEAD)"
          nix --option commit-lockfile-summary "Update flake inputs" flake update --commit-lock-file
          NEW_HEAD="$(git rev-parse HEAD)"
          if [ "$PREVIOUS_HEAD" == "$NEW_HEAD" ]; then
            echo "✅ No updates found, everything is up to date"
            exit 0
          fi

          echo "🔄 Updates found, testing if it still evals successfully"
          # If we dont eval prandtl here, the next step will fail because some files are missing. I suspect this to be the fault of IFD, but not sure.
          # TODO: Check if the nixos-rebuild is still required
          nix run nixpkgs#nixos-rebuild -- --flake .#prandtl dry-build --print-build-logs
          nix --option allow-import-from-derivation true flake check -v --no-build --show-trace
          echo "✨ Updated configuration evaluated successfully"

          git push
          echo "✅ Pushed updates to the repository"
